
Microsoft Visual Studio Solution File, Format Version 12.00
# Visual Studio Version 17
VisualStudioVersion = 17.7.34221.43
MinimumVisualStudioVersion = 10.0.40219.1
Project("{FAE04EC0-301F-11D3-BF4B-00C04F79EFBC}") = "lab6zad3", "lab6zad3.csproj", "{DD72729D-8DD2-45E9-9A52-6AEF8F3EF3D1}"
EndProject
Global
	GlobalSection(SolutionConfigurationPlatforms) = preSolution
		Debug|Any CPU = Debug|Any CPU
		Release|Any CPU = Release|Any CPU
	EndGlobalSection
	GlobalSection(ProjectConfigurationPlatforms) = postSolution
		{DD72729D-8DD2-45E9-9A52-6AEF8F3EF3D1}.Debug|Any CPU.ActiveCfg = Debug|Any CPU
		{DD72729D-8DD2-45E9-9A52-6AEF8F3EF3D1}.Debug|Any CPU.Build.0 = Debug|Any CPU
		{DD72729D-8DD2-45E9-9A52-6AEF8F3EF3D1}.Release|Any CPU.ActiveCfg = Release|Any CPU
		{DD72729D-8DD2-45E9-9A52-6AEF8F3EF3D1}.Release|Any CPU.Build.0 = Release|Any CPU
	EndGlobalSection
	GlobalSection(SolutionProperties) = preSolution
		HideSolutionNode = FALSE
	EndGlobalSection
	GlobalSection(ExtensibilityGlobals) = postSolution
		SolutionGuid = {C3FCE076-57DD-4412-B4C0-A786F9C67342}
	EndGlobalSection
EndGlobal
