
Microsoft Visual Studio Solution File, Format Version 12.00
# Visual Studio Version 17
VisualStudioVersion = 17.7.34221.43
MinimumVisualStudioVersion = 10.0.40219.1
Project("{FAE04EC0-301F-11D3-BF4B-00C04F79EFBC}") = "lab5", "lab5.csproj", "{A5887303-BB33-4396-8506-6BD03C796A37}"
EndProject
Global
	GlobalSection(SolutionConfigurationPlatforms) = preSolution
		Debug|Any CPU = Debug|Any CPU
		Release|Any CPU = Release|Any CPU
	EndGlobalSection
	GlobalSection(ProjectConfigurationPlatforms) = postSolution
		{A5887303-BB33-4396-8506-6BD03C796A37}.Debug|Any CPU.ActiveCfg = Debug|Any CPU
		{A5887303-BB33-4396-8506-6BD03C796A37}.Debug|Any CPU.Build.0 = Debug|Any CPU
		{A5887303-BB33-4396-8506-6BD03C796A37}.Release|Any CPU.ActiveCfg = Release|Any CPU
		{A5887303-BB33-4396-8506-6BD03C796A37}.Release|Any CPU.Build.0 = Release|Any CPU
	EndGlobalSection
	GlobalSection(SolutionProperties) = preSolution
		HideSolutionNode = FALSE
	EndGlobalSection
	GlobalSection(ExtensibilityGlobals) = postSolution
		SolutionGuid = {D3C2D4E2-BC9D-4388-B9A7-EFAAB0366563}
	EndGlobalSection
EndGlobal
