
Microsoft Visual Studio Solution File, Format Version 12.00
# Visual Studio Version 17
VisualStudioVersion = 17.7.34221.43
MinimumVisualStudioVersion = 10.0.40219.1
Project("{FAE04EC0-301F-11D3-BF4B-00C04F79EFBC}") = "lab7zad2", "lab7zad2.csproj", "{45E255DC-2101-4CA0-BF0D-28F2C37FF5EE}"
EndProject
Global
	GlobalSection(SolutionConfigurationPlatforms) = preSolution
		Debug|Any CPU = Debug|Any CPU
		Release|Any CPU = Release|Any CPU
	EndGlobalSection
	GlobalSection(ProjectConfigurationPlatforms) = postSolution
		{45E255DC-2101-4CA0-BF0D-28F2C37FF5EE}.Debug|Any CPU.ActiveCfg = Debug|Any CPU
		{45E255DC-2101-4CA0-BF0D-28F2C37FF5EE}.Debug|Any CPU.Build.0 = Debug|Any CPU
		{45E255DC-2101-4CA0-BF0D-28F2C37FF5EE}.Release|Any CPU.ActiveCfg = Release|Any CPU
		{45E255DC-2101-4CA0-BF0D-28F2C37FF5EE}.Release|Any CPU.Build.0 = Release|Any CPU
	EndGlobalSection
	GlobalSection(SolutionProperties) = preSolution
		HideSolutionNode = FALSE
	EndGlobalSection
	GlobalSection(ExtensibilityGlobals) = postSolution
		SolutionGuid = {932E4D1C-E185-4FCA-93A1-0C6FF7FDB924}
	EndGlobalSection
EndGlobal
