
Microsoft Visual Studio Solution File, Format Version 12.00
# Visual Studio Version 17
VisualStudioVersion = 17.7.34221.43
MinimumVisualStudioVersion = 10.0.40219.1
Project("{FAE04EC0-301F-11D3-BF4B-00C04F79EFBC}") = "zad2lab4(1)", "zad2lab4(1).csproj", "{2A43E1C3-D280-4DEA-8A28-2C854F761FC5}"
EndProject
Global
	GlobalSection(SolutionConfigurationPlatforms) = preSolution
		Debug|Any CPU = Debug|Any CPU
		Release|Any CPU = Release|Any CPU
	EndGlobalSection
	GlobalSection(ProjectConfigurationPlatforms) = postSolution
		{2A43E1C3-D280-4DEA-8A28-2C854F761FC5}.Debug|Any CPU.ActiveCfg = Debug|Any CPU
		{2A43E1C3-D280-4DEA-8A28-2C854F761FC5}.Debug|Any CPU.Build.0 = Debug|Any CPU
		{2A43E1C3-D280-4DEA-8A28-2C854F761FC5}.Release|Any CPU.ActiveCfg = Release|Any CPU
		{2A43E1C3-D280-4DEA-8A28-2C854F761FC5}.Release|Any CPU.Build.0 = Release|Any CPU
	EndGlobalSection
	GlobalSection(SolutionProperties) = preSolution
		HideSolutionNode = FALSE
	EndGlobalSection
	GlobalSection(ExtensibilityGlobals) = postSolution
		SolutionGuid = {C066B034-F9B5-483A-9A9C-EDC75A1351BD}
	EndGlobalSection
EndGlobal
